// !$*UTF8*$!
{
	archiveVersion = 1;
	classes = {
	};
	objectVersion = 53;
	objects = {

/* Begin PBXBuildFile section */
		1606C6CC04458BF61C9A1EB5 /* libPods-Lotus.a in Frameworks */ = {isa = PBXBuildFile; fileRef = CBA2C0C1E35F31CE00DD8896 /* libPods-Lotus.a */; };
		BF09CE45292B5126006BD496 /* lotus_19x19.pdf in Resources */ = {isa = PBXBuildFile; fileRef = BF09CE47292B5126006BD496 /* lotus_19x19.pdf */; };
		BF09CE64292B62DF006BD496 /* InfoPlist.strings in Resources */ = {isa = PBXBuildFile; fileRef = BF09CE66292B62DF006BD496 /* InfoPlist.strings */; };
		BF09CE6A292B63DE006BD496 /* Localizable.strings in Resources */ = {isa = PBXBuildFile; fileRef = BF09CE6C292B63DE006BD496 /* Localizable.strings */; };
		BF0DC261292DFA030061514A /* Trie.swift in Sources */ = {isa = PBXBuildFile; fileRef = BF0DC260292DFA030061514A /* Trie.swift */; };
		BF10B5D62B900E89002E0610 /* LotusTable.swift in Sources */ = {isa = PBXBuildFile; fileRef = BF10B5D42B900E89002E0610 /* LotusTable.swift */; };
		BF10B5D72B900E89002E0610 /* LotusService.swift in Sources */ = {isa = PBXBuildFile; fileRef = BF10B5D52B900E89002E0610 /* LotusService.swift */; };
		BF10B5DF2B902307002E0610 /* Expose.swift in Sources */ = {isa = PBXBuildFile; fileRef = BF10B5DE2B902307002E0610 /* Expose.swift */; };
		BF19D464292A982700BDB452 /* InputSource.swift in Sources */ = {isa = PBXBuildFile; fileRef = BF19D463292A982700BDB452 /* InputSource.swift */; };
		BF19D468292A98A100BDB452 /* CandidatesView.swift in Sources */ = {isa = PBXBuildFile; fileRef = BF19D467292A98A100BDB452 /* CandidatesView.swift */; };
		BF19D46A292A98CE00BDB452 /* CandidatesWindow.swift in Sources */ = {isa = PBXBuildFile; fileRef = BF19D469292A98CE00BDB452 /* CandidatesWindow.swift */; };
		BF19D46C292A992D00BDB452 /* MainMenu.xib in Resources */ = {isa = PBXBuildFile; fileRef = BF19D46B292A992D00BDB452 /* MainMenu.xib */; };
		BF221A91292F464900C05C87 /* LineReader.swift in Sources */ = {isa = PBXBuildFile; fileRef = BF221A90292F464900C05C87 /* LineReader.swift */; };
		BF221A92292F51BA00C05C87 /* py_table.txt in Resources */ = {isa = PBXBuildFile; fileRef = BF09CE5D292B5A74006BD496 /* py_table.txt */; };
		BF221A93292F51BA00C05C87 /* wb_table.txt in Resources */ = {isa = PBXBuildFile; fileRef = BF09CE5E292B5A74006BD496 /* wb_table.txt */; };
		BF2F6A4E2930FEC7006A53E9 /* sp_table.txt in Resources */ = {isa = PBXBuildFile; fileRef = BF2F6A4D2930FEC6006A53E9 /* sp_table.txt */; };
		BF4027892928D5F70020BA76 /* Assets.xcassets in Resources */ = {isa = PBXBuildFile; fileRef = BF4027882928D5F70020BA76 /* Assets.xcassets */; };
		BF4027B02928D6EF0020BA76 /* AppDelegate.swift in Sources */ = {isa = PBXBuildFile; fileRef = BF4027AF2928D6EF0020BA76 /* AppDelegate.swift */; };
		BF4027B22928D70B0020BA76 /* LotusInputController.swift in Sources */ = {isa = PBXBuildFile; fileRef = BF4027B12928D70B0020BA76 /* LotusInputController.swift */; };
		BF59FDF62933627400E42016 /* userdict.txt in Resources */ = {isa = PBXBuildFile; fileRef = BF59FDF52933627400E42016 /* userdict.txt */; };
		BF6094AD2931B22200E04E87 /* String.swift in Sources */ = {isa = PBXBuildFile; fileRef = BF6094AC2931B22200E04E87 /* String.swift */; };
		BF6094AF2931C4AA00E04E87 /* Date.swift in Sources */ = {isa = PBXBuildFile; fileRef = BF6094AE2931C4AA00E04E87 /* Date.swift */; };
		BF7AC8AC292BCDC3006E2EB4 /* icon64.icns in Resources */ = {isa = PBXBuildFile; fileRef = BF7AC8AB292BCDC3006E2EB4 /* icon64.icns */; };
		BF98794A29326CC000849B0E /* LotusPreferencesController.swift in Sources */ = {isa = PBXBuildFile; fileRef = BF98794929326CC000849B0E /* LotusPreferencesController.swift */; };
		BF98794C29326CF700849B0E /* GeneralPane.swift in Sources */ = {isa = PBXBuildFile; fileRef = BF98794B29326CF700849B0E /* GeneralPane.swift */; };
		BF98794E29326D6000849B0E /* WordStockPane.swift in Sources */ = {isa = PBXBuildFile; fileRef = BF98794D29326D6000849B0E /* WordStockPane.swift */; };
		BF9879502932778800849B0E /* types.swift in Sources */ = {isa = PBXBuildFile; fileRef = BF98794F2932778800849B0E /* types.swift */; };
		BF9879522932799800849B0E /* TipsWindow.swift in Sources */ = {isa = PBXBuildFile; fileRef = BF9879512932799800849B0E /* TipsWindow.swift */; };
/* End PBXBuildFile section */

/* Begin PBXCopyFilesBuildPhase section */
		BF0DC255292DF96D0061514A /* Embed Frameworks */ = {
			isa = PBXCopyFilesBuildPhase;
			buildActionMask = 2147483647;
			dstPath = "";
			dstSubfolderSpec = 10;
			files = (
			);
			name = "Embed Frameworks";
			runOnlyForDeploymentPostprocessing = 0;
		};
/* End PBXCopyFilesBuildPhase section */

/* Begin PBXFileReference section */
		2C7D27D21D6B163CE8E292D5 /* Pods-Lotus.release.xcconfig */ = {isa = PBXFileReference; includeInIndex = 1; lastKnownFileType = text.xcconfig; name = "Pods-Lotus.release.xcconfig"; path = "Target Support Files/Pods-Lotus/Pods-Lotus.release.xcconfig"; sourceTree = "<group>"; };
		6DCC54591A299AA065671DF1 /* Pods-LotusTests.debug.xcconfig */ = {isa = PBXFileReference; includeInIndex = 1; lastKnownFileType = text.xcconfig; name = "Pods-LotusTests.debug.xcconfig"; path = "Target Support Files/Pods-LotusTests/Pods-LotusTests.debug.xcconfig"; sourceTree = "<group>"; };
		75A526D6D76245272A3F847C /* libPods-LotusTests.a */ = {isa = PBXFileReference; explicitFileType = archive.ar; includeInIndex = 0; path = "libPods-LotusTests.a"; sourceTree = BUILT_PRODUCTS_DIR; };
		7C5F23C7E76F381492FE6980 /* Pods-LotusTests.release.xcconfig */ = {isa = PBXFileReference; includeInIndex = 1; lastKnownFileType = text.xcconfig; name = "Pods-LotusTests.release.xcconfig"; path = "Target Support Files/Pods-LotusTests/Pods-LotusTests.release.xcconfig"; sourceTree = "<group>"; };
		BF09CE46292B5126006BD496 /* Base */ = {isa = PBXFileReference; lastKnownFileType = image.pdf; name = Base; path = Base.lproj/lotus_19x19.pdf; sourceTree = "<group>"; };
		BF09CE4D292B529E006BD496 /* Info.plist */ = {isa = PBXFileReference; fileEncoding = 4; lastKnownFileType = text.plist.xml; path = Info.plist; sourceTree = "<group>"; };
		BF09CE5D292B5A74006BD496 /* py_table.txt */ = {isa = PBXFileReference; lastKnownFileType = text; path = py_table.txt; sourceTree = "<group>"; };
		BF09CE5E292B5A74006BD496 /* wb_table.txt */ = {isa = PBXFileReference; lastKnownFileType = text; path = wb_table.txt; sourceTree = "<group>"; };
		BF09CE65292B62DF006BD496 /* en */ = {isa = PBXFileReference; lastKnownFileType = text.plist.strings; name = en; path = en.lproj/InfoPlist.strings; sourceTree = "<group>"; };
		BF09CE67292B62E2006BD496 /* zh-Hans */ = {isa = PBXFileReference; lastKnownFileType = text.plist.strings; name = "zh-Hans"; path = "zh-Hans.lproj/InfoPlist.strings"; sourceTree = "<group>"; };
		BF09CE6B292B63DE006BD496 /* en */ = {isa = PBXFileReference; lastKnownFileType = text.plist.strings; name = en; path = en.lproj/Localizable.strings; sourceTree = "<group>"; };
		BF09CE6D292B63E1006BD496 /* zh-Hans */ = {isa = PBXFileReference; lastKnownFileType = text.plist.strings; name = "zh-Hans"; path = "zh-Hans.lproj/Localizable.strings"; sourceTree = "<group>"; };
		BF0DC260292DFA030061514A /* Trie.swift */ = {isa = PBXFileReference; lastKnownFileType = sourcecode.swift; path = Trie.swift; sourceTree = "<group>"; };
		BF10B5D42B900E89002E0610 /* LotusTable.swift */ = {isa = PBXFileReference; fileEncoding = 4; lastKnownFileType = sourcecode.swift; path = LotusTable.swift; sourceTree = "<group>"; };
		BF10B5D52B900E89002E0610 /* LotusService.swift */ = {isa = PBXFileReference; fileEncoding = 4; lastKnownFileType = sourcecode.swift; path = LotusService.swift; sourceTree = "<group>"; };
		BF10B5DE2B902307002E0610 /* Expose.swift */ = {isa = PBXFileReference; lastKnownFileType = sourcecode.swift; path = Expose.swift; sourceTree = "<group>"; };
		BF19D463292A982700BDB452 /* InputSource.swift */ = {isa = PBXFileReference; lastKnownFileType = sourcecode.swift; path = InputSource.swift; sourceTree = "<group>"; };
		BF19D467292A98A100BDB452 /* CandidatesView.swift */ = {isa = PBXFileReference; lastKnownFileType = sourcecode.swift; path = CandidatesView.swift; sourceTree = "<group>"; };
		BF19D469292A98CE00BDB452 /* CandidatesWindow.swift */ = {isa = PBXFileReference; lastKnownFileType = sourcecode.swift; path = CandidatesWindow.swift; sourceTree = "<group>"; };
		BF19D46B292A992D00BDB452 /* MainMenu.xib */ = {isa = PBXFileReference; lastKnownFileType = file.xib; path = MainMenu.xib; sourceTree = "<group>"; };
		BF221A90292F464900C05C87 /* LineReader.swift */ = {isa = PBXFileReference; lastKnownFileType = sourcecode.swift; path = LineReader.swift; sourceTree = "<group>"; };
		BF2F6A4D2930FEC6006A53E9 /* sp_table.txt */ = {isa = PBXFileReference; fileEncoding = 4; lastKnownFileType = text; path = sp_table.txt; sourceTree = "<group>"; };
		BF4027812928D5F50020BA76 /* Lotus.app */ = {isa = PBXFileReference; explicitFileType = wrapper.application; includeInIndex = 0; path = Lotus.app; sourceTree = BUILT_PRODUCTS_DIR; };
		BF4027882928D5F70020BA76 /* Assets.xcassets */ = {isa = PBXFileReference; lastKnownFileType = folder.assetcatalog; path = Assets.xcassets; sourceTree = "<group>"; };
		BF40278D2928D5F70020BA76 /* Lotus.entitlements */ = {isa = PBXFileReference; lastKnownFileType = text.plist.entitlements; path = Lotus.entitlements; sourceTree = "<group>"; };
		BF4027962928D5F70020BA76 /* LotusTests.swift */ = {isa = PBXFileReference; lastKnownFileType = sourcecode.swift; path = LotusTests.swift; sourceTree = "<group>"; };
		BF4027AF2928D6EF0020BA76 /* AppDelegate.swift */ = {isa = PBXFileReference; lastKnownFileType = sourcecode.swift; path = AppDelegate.swift; sourceTree = "<group>"; };
		BF4027B12928D70B0020BA76 /* LotusInputController.swift */ = {isa = PBXFileReference; lastKnownFileType = sourcecode.swift; path = LotusInputController.swift; sourceTree = "<group>"; };
		BF59FDF52933627400E42016 /* userdict.txt */ = {isa = PBXFileReference; fileEncoding = 4; lastKnownFileType = text; path = userdict.txt; sourceTree = "<group>"; };
		BF5AA9A12B936D3700C21F55 /* ExportOptions.plist */ = {isa = PBXFileReference; lastKnownFileType = text.plist.xml; path = ExportOptions.plist; sourceTree = "<group>"; };
		BF6094AC2931B22200E04E87 /* String.swift */ = {isa = PBXFileReference; lastKnownFileType = sourcecode.swift; path = String.swift; sourceTree = "<group>"; };
		BF6094AE2931C4AA00E04E87 /* Date.swift */ = {isa = PBXFileReference; lastKnownFileType = sourcecode.swift; path = Date.swift; sourceTree = "<group>"; };
		BF7AC8AB292BCDC3006E2EB4 /* icon64.icns */ = {isa = PBXFileReference; lastKnownFileType = image.icns; path = icon64.icns; sourceTree = "<group>"; };
		BF98794929326CC000849B0E /* LotusPreferencesController.swift */ = {isa = PBXFileReference; lastKnownFileType = sourcecode.swift; path = LotusPreferencesController.swift; sourceTree = "<group>"; };
		BF98794B29326CF700849B0E /* GeneralPane.swift */ = {isa = PBXFileReference; lastKnownFileType = sourcecode.swift; path = GeneralPane.swift; sourceTree = "<group>"; };
		BF98794D29326D6000849B0E /* WordStockPane.swift */ = {isa = PBXFileReference; lastKnownFileType = sourcecode.swift; path = WordStockPane.swift; sourceTree = "<group>"; };
		BF98794F2932778800849B0E /* types.swift */ = {isa = PBXFileReference; lastKnownFileType = sourcecode.swift; path = types.swift; sourceTree = "<group>"; };
		BF9879512932799800849B0E /* TipsWindow.swift */ = {isa = PBXFileReference; lastKnownFileType = sourcecode.swift; path = TipsWindow.swift; sourceTree = "<group>"; };
		BFF89B0B2B9077DD0091FB4F /* build_app.sh */ = {isa = PBXFileReference; lastKnownFileType = text.script.sh; path = build_app.sh; sourceTree = "<group>"; };
		BFF89B0C2B9077EF0091FB4F /* build_installer.sh */ = {isa = PBXFileReference; lastKnownFileType = text.script.sh; path = build_installer.sh; sourceTree = "<group>"; };
		BFF89B0D2B90781C0091FB4F /* env.sh */ = {isa = PBXFileReference; lastKnownFileType = text.script.sh; path = env.sh; sourceTree = "<group>"; };
		CBA2C0C1E35F31CE00DD8896 /* libPods-Lotus.a */ = {isa = PBXFileReference; explicitFileType = archive.ar; includeInIndex = 0; path = "libPods-Lotus.a"; sourceTree = BUILT_PRODUCTS_DIR; };
		EFE93A338CB687328DEF40A5 /* Pods-Lotus.debug.xcconfig */ = {isa = PBXFileReference; includeInIndex = 1; lastKnownFileType = text.xcconfig; name = "Pods-Lotus.debug.xcconfig"; path = "Target Support Files/Pods-Lotus/Pods-Lotus.debug.xcconfig"; sourceTree = "<group>"; };
/* End PBXFileReference section */

/* Begin PBXFrameworksBuildPhase section */
		BF40277E2928D5F50020BA76 /* Frameworks */ = {
			isa = PBXFrameworksBuildPhase;
			buildActionMask = 2147483647;
			files = (
				1606C6CC04458BF61C9A1EB5 /* libPods-Lotus.a in Frameworks */,
			);
			runOnlyForDeploymentPostprocessing = 0;
		};
/* End PBXFrameworksBuildPhase section */

/* Begin PBXGroup section */
		068B1BC4CD5E266CF220597F /* Pods */ = {
			isa = PBXGroup;
			children = (
				EFE93A338CB687328DEF40A5 /* Pods-Lotus.debug.xcconfig */,
				2C7D27D21D6B163CE8E292D5 /* Pods-Lotus.release.xcconfig */,
				6DCC54591A299AA065671DF1 /* Pods-LotusTests.debug.xcconfig */,
				7C5F23C7E76F381492FE6980 /* Pods-LotusTests.release.xcconfig */,
			);
			path = Pods;
			sourceTree = "<group>";
		};
		BC5586474085AEB75EDA6594 /* Frameworks */ = {
			isa = PBXGroup;
			children = (
				CBA2C0C1E35F31CE00DD8896 /* libPods-Lotus.a */,
				75A526D6D76245272A3F847C /* libPods-LotusTests.a */,
			);
			name = Frameworks;
			sourceTree = "<group>";
		};
		BF09CE5C292B5A4B006BD496 /* dict */ = {
			isa = PBXGroup;
			children = (
				BF59FDF52933627400E42016 /* userdict.txt */,
				BF2F6A4D2930FEC6006A53E9 /* sp_table.txt */,
				BF09CE5D292B5A74006BD496 /* py_table.txt */,
				BF09CE5E292B5A74006BD496 /* wb_table.txt */,
			);
			path = dict;
			sourceTree = "<group>";
		};
		BF10B5D92B90205E002E0610 /* views */ = {
			isa = PBXGroup;
			children = (
				BF19D467292A98A100BDB452 /* CandidatesView.swift */,
				BF19D469292A98CE00BDB452 /* CandidatesWindow.swift */,
				BF9879512932799800849B0E /* TipsWindow.swift */,
			);
			path = views;
			sourceTree = "<group>";
		};
		BF148925292BC40C00BC6976 /* Preferences */ = {
			isa = PBXGroup;
			children = (
				BF98794929326CC000849B0E /* LotusPreferencesController.swift */,
				BF98794B29326CF700849B0E /* GeneralPane.swift */,
				BF98794D29326D6000849B0E /* WordStockPane.swift */,
			);
			path = Preferences;
			sourceTree = "<group>";
		};
		BF4027782928D5F50020BA76 = {
			isa = PBXGroup;
			children = (
				BFF89B082B90763F0091FB4F /* scripts */,
				BF4027832928D5F50020BA76 /* Lotus */,
				BF4027952928D5F70020BA76 /* LotusTests */,
				BF4027822928D5F50020BA76 /* Products */,
				068B1BC4CD5E266CF220597F /* Pods */,
				BC5586474085AEB75EDA6594 /* Frameworks */,
			);
			sourceTree = "<group>";
		};
		BF4027822928D5F50020BA76 /* Products */ = {
			isa = PBXGroup;
			children = (
				BF4027812928D5F50020BA76 /* Lotus.app */,
			);
			name = Products;
			sourceTree = "<group>";
		};
		BF4027832928D5F50020BA76 /* Lotus */ = {
			isa = PBXGroup;
			children = (
				BF7AC8AB292BCDC3006E2EB4 /* icon64.icns */,
				BF09CE5C292B5A4B006BD496 /* dict */,
				BF09CE47292B5126006BD496 /* lotus_19x19.pdf */,
				BF4027882928D5F70020BA76 /* Assets.xcassets */,
				BF40278D2928D5F70020BA76 /* Lotus.entitlements */,
				BF09CE4D292B529E006BD496 /* Info.plist */,
				BF148925292BC40C00BC6976 /* Preferences */,
				BF6094A92931AF8300E04E87 /* Utils */,
				BF10B5D92B90205E002E0610 /* views */,
				BF4027AF2928D6EF0020BA76 /* AppDelegate.swift */,
				BF10B5D52B900E89002E0610 /* LotusService.swift */,
				BF10B5D42B900E89002E0610 /* LotusTable.swift */,
				BF4027B12928D70B0020BA76 /* LotusInputController.swift */,
				BF19D463292A982700BDB452 /* InputSource.swift */,
				BF98794F2932778800849B0E /* types.swift */,
				BF19D46B292A992D00BDB452 /* MainMenu.xib */,
				BF09CE66292B62DF006BD496 /* InfoPlist.strings */,
				BF09CE6C292B63DE006BD496 /* Localizable.strings */,
			);
			path = Lotus;
			sourceTree = "<group>";
		};
		BF4027952928D5F70020BA76 /* LotusTests */ = {
			isa = PBXGroup;
			children = (
				BF4027962928D5F70020BA76 /* LotusTests.swift */,
			);
			path = LotusTests;
			sourceTree = "<group>";
		};
		BF6094A92931AF8300E04E87 /* Utils */ = {
			isa = PBXGroup;
			children = (
				BF221A90292F464900C05C87 /* LineReader.swift */,
				BF0DC260292DFA030061514A /* Trie.swift */,
				BF6094AC2931B22200E04E87 /* String.swift */,
				BF6094AE2931C4AA00E04E87 /* Date.swift */,
				BF10B5DE2B902307002E0610 /* Expose.swift */,
			);
			path = Utils;
			sourceTree = "<group>";
		};
		BFF89B082B90763F0091FB4F /* scripts */ = {
			isa = PBXGroup;
			children = (
				BF5AA9A12B936D3700C21F55 /* ExportOptions.plist */,
				BFF89B0B2B9077DD0091FB4F /* build_app.sh */,
				BFF89B0C2B9077EF0091FB4F /* build_installer.sh */,
				BFF89B0D2B90781C0091FB4F /* env.sh */,
			);
			path = scripts;
			sourceTree = "<group>";
		};
/* End PBXGroup section */

/* Begin PBXNativeTarget section */
		BF4027802928D5F50020BA76 /* Lotus */ = {
			isa = PBXNativeTarget;
			buildConfigurationList = BF4027A62928D5F70020BA76 /* Build configuration list for PBXNativeTarget "Lotus" */;
			buildPhases = (
				CBAE3F2685DAFB937E802663 /* [CP] Check Pods Manifest.lock */,
				BF40277D2928D5F50020BA76 /* Sources */,
				BF40277E2928D5F50020BA76 /* Frameworks */,
				BF40277F2928D5F50020BA76 /* Resources */,
				3E5045C096BE7ED0478C529D /* [CP] Embed Pods Frameworks */,
				BF0DC255292DF96D0061514A /* Embed Frameworks */,
			);
			buildRules = (
			);
			dependencies = (
			);
			name = Lotus;
			productName = Lotus;
			productReference = BF4027812928D5F50020BA76 /* Lotus.app */;
			productType = "com.apple.product-type.application";
		};
/* End PBXNativeTarget section */

/* Begin PBXProject section */
		BF4027792928D5F50020BA76 /* Project object */ = {
			isa = PBXProject;
			attributes = {
				BuildIndependentTargetsInParallel = 1;
				LastSwiftUpdateCheck = 1400;
				LastUpgradeCheck = 1400;
				TargetAttributes = {
					BF4027802928D5F50020BA76 = {
						CreatedOnToolsVersion = 14.0.1;
						LastSwiftMigration = 1400;
					};
				};
			};
			buildConfigurationList = BF40277C2928D5F50020BA76 /* Build configuration list for PBXProject "Lotus" */;
			compatibilityVersion = "Xcode 11.4";
			developmentRegion = en;
			hasScannedForEncodings = 0;
			knownRegions = (
				en,
				Base,
				"zh-Hant",
				"zh-Hans",
			);
			mainGroup = BF4027782928D5F50020BA76;
			productRefGroup = BF4027822928D5F50020BA76 /* Products */;
			projectDirPath = "";
			projectRoot = "";
			targets = (
				BF4027802928D5F50020BA76 /* Lotus */,
			);
		};
/* End PBXProject section */

/* Begin PBXResourcesBuildPhase section */
		BF40277F2928D5F50020BA76 /* Resources */ = {
			isa = PBXResourcesBuildPhase;
			buildActionMask = 2147483647;
			files = (
				BF2F6A4E2930FEC7006A53E9 /* sp_table.txt in Resources */,
				BF221A92292F51BA00C05C87 /* py_table.txt in Resources */,
				BF221A93292F51BA00C05C87 /* wb_table.txt in Resources */,
				BF4027892928D5F70020BA76 /* Assets.xcassets in Resources */,
				BF09CE45292B5126006BD496 /* lotus_19x19.pdf in Resources */,
				BF09CE6A292B63DE006BD496 /* Localizable.strings in Resources */,
				BF7AC8AC292BCDC3006E2EB4 /* icon64.icns in Resources */,
				BF19D46C292A992D00BDB452 /* MainMenu.xib in Resources */,
				BF59FDF62933627400E42016 /* userdict.txt in Resources */,
				BF09CE64292B62DF006BD496 /* InfoPlist.strings in Resources */,
			);
			runOnlyForDeploymentPostprocessing = 0;
		};
/* End PBXResourcesBuildPhase section */

/* Begin PBXShellScriptBuildPhase section */
		3E5045C096BE7ED0478C529D /* [CP] Embed Pods Frameworks */ = {
			isa = PBXShellScriptBuildPhase;
			buildActionMask = 2147483647;
			files = (
			);
			inputFileListPaths = (
				"${PODS_ROOT}/Target Support Files/Pods-Lotus/Pods-Lotus-frameworks-${CONFIGURATION}-input-files.xcfilelist",
			);
			name = "[CP] Embed Pods Frameworks";
			outputFileListPaths = (
				"${PODS_ROOT}/Target Support Files/Pods-Lotus/Pods-Lotus-frameworks-${CONFIGURATION}-output-files.xcfilelist",
			);
			runOnlyForDeploymentPostprocessing = 0;
			shellPath = /bin/sh;
			shellScript = "\"${PODS_ROOT}/Target Support Files/Pods-Lotus/Pods-Lotus-frameworks.sh\"\n";
			showEnvVarsInLog = 0;
		};
		CBAE3F2685DAFB937E802663 /* [CP] Check Pods Manifest.lock */ = {
			isa = PBXShellScriptBuildPhase;
			buildActionMask = 2147483647;
			files = (
			);
			inputFileListPaths = (
			);
			inputPaths = (
				"${PODS_PODFILE_DIR_PATH}/Podfile.lock",
				"${PODS_ROOT}/Manifest.lock",
			);
			name = "[CP] Check Pods Manifest.lock";
			outputFileListPaths = (
			);
			outputPaths = (
				"$(DERIVED_FILE_DIR)/Pods-Lotus-checkManifestLockResult.txt",
			);
			runOnlyForDeploymentPostprocessing = 0;
			shellPath = /bin/sh;
			shellScript = "diff \"${PODS_PODFILE_DIR_PATH}/Podfile.lock\" \"${PODS_ROOT}/Manifest.lock\" > /dev/null\nif [ $? != 0 ] ; then\n    # print error to STDERR\n    echo \"error: The sandbox is not in sync with the Podfile.lock. Run 'pod install' or update your CocoaPods installation.\" >&2\n    exit 1\nfi\n# This output is used by Xcode 'outputs' to avoid re-running this script phase.\necho \"SUCCESS\" > \"${SCRIPT_OUTPUT_FILE_0}\"\n";
			showEnvVarsInLog = 0;
		};
/* End PBXShellScriptBuildPhase section */

/* Begin PBXSourcesBuildPhase section */
		BF40277D2928D5F50020BA76 /* Sources */ = {
			isa = PBXSourcesBuildPhase;
			buildActionMask = 2147483647;
			files = (
				BF221A91292F464900C05C87 /* LineReader.swift in Sources */,
				BF98794E29326D6000849B0E /* WordStockPane.swift in Sources */,
				BF19D464292A982700BDB452 /* InputSource.swift in Sources */,
				BF19D468292A98A100BDB452 /* CandidatesView.swift in Sources */,
				BF98794A29326CC000849B0E /* LotusPreferencesController.swift in Sources */,
				BF19D46A292A98CE00BDB452 /* CandidatesWindow.swift in Sources */,
				BF0DC261292DFA030061514A /* Trie.swift in Sources */,
				BF6094AD2931B22200E04E87 /* String.swift in Sources */,
				BF4027B22928D70B0020BA76 /* LotusInputController.swift in Sources */,
				BF10B5D62B900E89002E0610 /* LotusTable.swift in Sources */,
				BF9879502932778800849B0E /* types.swift in Sources */,
				BF10B5D72B900E89002E0610 /* LotusService.swift in Sources */,
				BF9879522932799800849B0E /* TipsWindow.swift in Sources */,
				BF10B5DF2B902307002E0610 /* Expose.swift in Sources */,
				BF98794C29326CF700849B0E /* GeneralPane.swift in Sources */,
				BF6094AF2931C4AA00E04E87 /* Date.swift in Sources */,
				BF4027B02928D6EF0020BA76 /* AppDelegate.swift in Sources */,
			);
			runOnlyForDeploymentPostprocessing = 0;
		};
/* End PBXSourcesBuildPhase section */

/* Begin PBXVariantGroup section */
		BF09CE47292B5126006BD496 /* lotus_19x19.pdf */ = {
			isa = PBXVariantGroup;
			children = (
				BF09CE46292B5126006BD496 /* Base */,
			);
			name = lotus_19x19.pdf;
			sourceTree = "<group>";
		};
		BF09CE66292B62DF006BD496 /* InfoPlist.strings */ = {
			isa = PBXVariantGroup;
			children = (
				BF09CE65292B62DF006BD496 /* en */,
				BF09CE67292B62E2006BD496 /* zh-Hans */,
			);
			name = InfoPlist.strings;
			sourceTree = "<group>";
		};
		BF09CE6C292B63DE006BD496 /* Localizable.strings */ = {
			isa = PBXVariantGroup;
			children = (
				BF09CE6B292B63DE006BD496 /* en */,
				BF09CE6D292B63E1006BD496 /* zh-Hans */,
			);
			name = Localizable.strings;
			sourceTree = "<group>";
		};
/* End PBXVariantGroup section */

/* Begin XCBuildConfiguration section */
		BF4027A42928D5F70020BA76 /* Debug */ = {
			isa = XCBuildConfiguration;
			buildSettings = {
				ALWAYS_SEARCH_USER_PATHS = NO;
				CLANG_ANALYZER_LOCALIZABILITY_NONLOCALIZED = YES;
				CLANG_ANALYZER_NONNULL = YES;
				CLANG_ANALYZER_NUMBER_OBJECT_CONVERSION = YES_AGGRESSIVE;
				CLANG_CXX_LANGUAGE_STANDARD = "gnu++20";
				CLANG_ENABLE_MODULES = YES;
				CLANG_ENABLE_OBJC_ARC = YES;
				CLANG_ENABLE_OBJC_WEAK = YES;
				CLANG_WARN_BLOCK_CAPTURE_AUTORELEASING = YES;
				CLANG_WARN_BOOL_CONVERSION = YES;
				CLANG_WARN_COMMA = YES;
				CLANG_WARN_CONSTANT_CONVERSION = YES;
				CLANG_WARN_DEPRECATED_OBJC_IMPLEMENTATIONS = YES;
				CLANG_WARN_DIRECT_OBJC_ISA_USAGE = YES_ERROR;
				CLANG_WARN_DOCUMENTATION_COMMENTS = YES;
				CLANG_WARN_EMPTY_BODY = YES;
				CLANG_WARN_ENUM_CONVERSION = YES;
				CLANG_WARN_INFINITE_RECURSION = YES;
				CLANG_WARN_INT_CONVERSION = YES;
				CLANG_WARN_NON_LITERAL_NULL_CONVERSION = YES;
				CLANG_WARN_OBJC_IMPLICIT_RETAIN_SELF = YES;
				CLANG_WARN_OBJC_LITERAL_CONVERSION = YES;
				CLANG_WARN_OBJC_ROOT_CLASS = YES_ERROR;
				CLANG_WARN_QUOTED_INCLUDE_IN_FRAMEWORK_HEADER = YES;
				CLANG_WARN_RANGE_LOOP_ANALYSIS = YES;
				CLANG_WARN_STRICT_PROTOTYPES = YES;
				CLANG_WARN_SUSPICIOUS_MOVE = YES;
				CLANG_WARN_UNGUARDED_AVAILABILITY = YES_AGGRESSIVE;
				CLANG_WARN_UNREACHABLE_CODE = YES;
				CLANG_WARN__DUPLICATE_METHOD_MATCH = YES;
				COPY_PHASE_STRIP = NO;
				DEAD_CODE_STRIPPING = YES;
				DEBUG_INFORMATION_FORMAT = dwarf;
				ENABLE_STRICT_OBJC_MSGSEND = YES;
				ENABLE_TESTABILITY = YES;
				FRAMEWORK_SEARCH_PATHS = "";
				GCC_C_LANGUAGE_STANDARD = gnu11;
				GCC_DYNAMIC_NO_PIC = NO;
				GCC_NO_COMMON_BLOCKS = YES;
				GCC_OPTIMIZATION_LEVEL = 0;
				GCC_PREPROCESSOR_DEFINITIONS = (
					"DEBUG=1",
					"$(inherited)",
				);
				GCC_WARN_64_TO_32_BIT_CONVERSION = YES;
				GCC_WARN_ABOUT_RETURN_TYPE = YES_ERROR;
				GCC_WARN_UNDECLARED_SELECTOR = YES;
				GCC_WARN_UNINITIALIZED_AUTOS = YES_AGGRESSIVE;
				GCC_WARN_UNUSED_FUNCTION = YES;
				GCC_WARN_UNUSED_VARIABLE = YES;
				INFOPLIST_FILE = Lotus/Info.plist;
				MACOSX_DEPLOYMENT_TARGET = 12.3;
				MTL_ENABLE_DEBUG_INFO = INCLUDE_SOURCE;
				MTL_FAST_MATH = YES;
				ONLY_ACTIVE_ARCH = YES;
				SDKROOT = macosx;
				SWIFT_ACTIVE_COMPILATION_CONDITIONS = DEBUG;
				SWIFT_OPTIMIZATION_LEVEL = "-Onone";
			};
			name = Debug;
		};
		BF4027A52928D5F70020BA76 /* Release */ = {
			isa = XCBuildConfiguration;
			buildSettings = {
				ALWAYS_SEARCH_USER_PATHS = NO;
				CLANG_ANALYZER_LOCALIZABILITY_NONLOCALIZED = YES;
				CLANG_ANALYZER_NONNULL = YES;
				CLANG_ANALYZER_NUMBER_OBJECT_CONVERSION = YES_AGGRESSIVE;
				CLANG_CXX_LANGUAGE_STANDARD = "gnu++20";
				CLANG_ENABLE_MODULES = YES;
				CLANG_ENABLE_OBJC_ARC = YES;
				CLANG_ENABLE_OBJC_WEAK = YES;
				CLANG_WARN_BLOCK_CAPTURE_AUTORELEASING = YES;
				CLANG_WARN_BOOL_CONVERSION = YES;
				CLANG_WARN_COMMA = YES;
				CLANG_WARN_CONSTANT_CONVERSION = YES;
				CLANG_WARN_DEPRECATED_OBJC_IMPLEMENTATIONS = YES;
				CLANG_WARN_DIRECT_OBJC_ISA_USAGE = YES_ERROR;
				CLANG_WARN_DOCUMENTATION_COMMENTS = YES;
				CLANG_WARN_EMPTY_BODY = YES;
				CLANG_WARN_ENUM_CONVERSION = YES;
				CLANG_WARN_INFINITE_RECURSION = YES;
				CLANG_WARN_INT_CONVERSION = YES;
				CLANG_WARN_NON_LITERAL_NULL_CONVERSION = YES;
				CLANG_WARN_OBJC_IMPLICIT_RETAIN_SELF = YES;
				CLANG_WARN_OBJC_LITERAL_CONVERSION = YES;
				CLANG_WARN_OBJC_ROOT_CLASS = YES_ERROR;
				CLANG_WARN_QUOTED_INCLUDE_IN_FRAMEWORK_HEADER = YES;
				CLANG_WARN_RANGE_LOOP_ANALYSIS = YES;
				CLANG_WARN_STRICT_PROTOTYPES = YES;
				CLANG_WARN_SUSPICIOUS_MOVE = YES;
				CLANG_WARN_UNGUARDED_AVAILABILITY = YES_AGGRESSIVE;
				CLANG_WARN_UNREACHABLE_CODE = YES;
				CLANG_WARN__DUPLICATE_METHOD_MATCH = YES;
				COPY_PHASE_STRIP = NO;
				DEAD_CODE_STRIPPING = YES;
				DEBUG_INFORMATION_FORMAT = "dwarf-with-dsym";
				ENABLE_NS_ASSERTIONS = NO;
				ENABLE_STRICT_OBJC_MSGSEND = YES;
				FRAMEWORK_SEARCH_PATHS = "";
				GCC_C_LANGUAGE_STANDARD = gnu11;
				GCC_NO_COMMON_BLOCKS = YES;
				GCC_WARN_64_TO_32_BIT_CONVERSION = YES;
				GCC_WARN_ABOUT_RETURN_TYPE = YES_ERROR;
				GCC_WARN_UNDECLARED_SELECTOR = YES;
				GCC_WARN_UNINITIALIZED_AUTOS = YES_AGGRESSIVE;
				GCC_WARN_UNUSED_FUNCTION = YES;
				GCC_WARN_UNUSED_VARIABLE = YES;
				INFOPLIST_FILE = Lotus/Info.plist;
				MACOSX_DEPLOYMENT_TARGET = 12.3;
				MTL_ENABLE_DEBUG_INFO = NO;
				MTL_FAST_MATH = YES;
				SDKROOT = macosx;
				SWIFT_COMPILATION_MODE = wholemodule;
				SWIFT_OPTIMIZATION_LEVEL = "-O";
			};
			name = Release;
		};
		BF4027A72928D5F70020BA76 /* Debug */ = {
			isa = XCBuildConfiguration;
			baseConfigurationReference = EFE93A338CB687328DEF40A5 /* Pods-Lotus.debug.xcconfig */;
			buildSettings = {
				ASSETCATALOG_COMPILER_APPICON_NAME = AppIcon;
				ASSETCATALOG_COMPILER_GLOBAL_ACCENT_COLOR_NAME = AccentColor;
				CLANG_ENABLE_MODULES = YES;
				CODE_SIGN_ENTITLEMENTS = Lotus/Lotus.entitlements;
				CODE_SIGN_IDENTITY = "-";
				"CODE_SIGN_IDENTITY[sdk=macosx*]" = "Apple Development";
				CODE_SIGN_STYLE = Automatic;
				COMBINE_HIDPI_IMAGES = YES;
				CONFIGURATION_BUILD_DIR = "/Library/Input Methods";
				CURRENT_PROJECT_VERSION = 1;
				DEAD_CODE_STRIPPING = YES;
				DEVELOPMENT_ASSET_PATHS = "";
				DEVELOPMENT_TEAM = 26Q2UHVQ6X;
				ENABLE_HARDENED_RUNTIME = YES;
				ENABLE_PREVIEWS = YES;
				FRAMEWORK_SEARCH_PATHS = (
					"$(inherited)",
					"\"${PODS_ROOT}/Sparkle\"",
				);
				GENERATE_INFOPLIST_FILE = NO;
				HEADER_SEARCH_PATHS = "$(inherited)";
				INFOPLIST_KEY_NSHumanReadableCopyright = "";
				LD_RUNPATH_SEARCH_PATHS = (
					"$(inherited)",
					"@executable_path/../Frameworks",
				);
				LIBRARY_SEARCH_PATHS = (
					"$(inherited)",
					"\"${PODS_CONFIGURATION_BUILD_DIR}/.\"",
					"\"${PODS_CONFIGURATION_BUILD_DIR}/Defaults\"",
					"\"${PODS_CONFIGURATION_BUILD_DIR}/Preferences\"",
				);
				MACOSX_DEPLOYMENT_TARGET = 10.15;
				MARKETING_VERSION = 1.0;
				OTHER_LDFLAGS = "$(inherited)";
				PRODUCT_BUNDLE_IDENTIFIER = com.xuxihai.inputmethod.Lotus;
				PRODUCT_NAME = "$(TARGET_NAME)";
				SWIFT_EMIT_LOC_STRINGS = YES;
				SWIFT_OPTIMIZATION_LEVEL = "-Onone";
				SWIFT_VERSION = 5.0;
				SYMROOT = build;
			};
			name = Debug;
		};
		BF4027A82928D5F70020BA76 /* Release */ = {
			isa = XCBuildConfiguration;
			baseConfigurationReference = 2C7D27D21D6B163CE8E292D5 /* Pods-Lotus.release.xcconfig */;
			buildSettings = {
				ASSETCATALOG_COMPILER_APPICON_NAME = AppIcon;
				ASSETCATALOG_COMPILER_GLOBAL_ACCENT_COLOR_NAME = AccentColor;
				CLANG_ENABLE_MODULES = YES;
				CODE_SIGN_ENTITLEMENTS = Lotus/Lotus.entitlements;
				CODE_SIGN_IDENTITY = "-";
				"CODE_SIGN_IDENTITY[sdk=macosx*]" = "Apple Development";
				CODE_SIGN_STYLE = Automatic;
				COMBINE_HIDPI_IMAGES = YES;
				CONFIGURATION_BUILD_DIR = output;
				CURRENT_PROJECT_VERSION = 1;
				DEAD_CODE_STRIPPING = YES;
				DEVELOPMENT_ASSET_PATHS = "";
				DEVELOPMENT_TEAM = 26Q2UHVQ6X;
				ENABLE_HARDENED_RUNTIME = YES;
				ENABLE_PREVIEWS = YES;
				FRAMEWORK_SEARCH_PATHS = (
					"$(inherited)",
					"\"${PODS_ROOT}/Sparkle\"",
				);
				GENERATE_INFOPLIST_FILE = NO;
				HEADER_SEARCH_PATHS = "$(inherited)";
				INFOPLIST_KEY_NSHumanReadableCopyright = "";
				LD_RUNPATH_SEARCH_PATHS = (
					"$(inherited)",
					"@executable_path/../Frameworks",
				);
				LIBRARY_SEARCH_PATHS = (
					"$(inherited)",
					"\"${PODS_CONFIGURATION_BUILD_DIR}/.\"",
					"\"${PODS_CONFIGURATION_BUILD_DIR}/Defaults\"",
					"\"${PODS_CONFIGURATION_BUILD_DIR}/Preferences\"",
				);
				MACOSX_DEPLOYMENT_TARGET = 10.15;
				MARKETING_VERSION = 1.0;
				OTHER_LDFLAGS = "$(inherited)";
				PRODUCT_BUNDLE_IDENTIFIER = com.xuxihai.inputmethod.Lotus;
				PRODUCT_NAME = "$(TARGET_NAME)";
				SWIFT_EMIT_LOC_STRINGS = YES;
				SWIFT_VERSION = 5.0;
				SYMROOT = build;
			};
			name = Release;
		};
/* End XCBuildConfiguration section */

/* Begin XCConfigurationList section */
		BF40277C2928D5F50020BA76 /* Build configuration list for PBXProject "Lotus" */ = {
			isa = XCConfigurationList;
			buildConfigurations = (
				BF4027A42928D5F70020BA76 /* Debug */,
				BF4027A52928D5F70020BA76 /* Release */,
			);
			defaultConfigurationIsVisible = 0;
			defaultConfigurationName = Release;
		};
		BF4027A62928D5F70020BA76 /* Build configuration list for PBXNativeTarget "Lotus" */ = {
			isa = XCConfigurationList;
			buildConfigurations = (
				BF4027A72928D5F70020BA76 /* Debug */,
				BF4027A82928D5F70020BA76 /* Release */,
			);
			defaultConfigurationIsVisible = 0;
			defaultConfigurationName = Release;
		};
/* End XCConfigurationList section */
	};
	rootObject = BF4027792928D5F50020BA76 /* Project object */;
}
