PODS:
  - Defaults (4.2.2)
  - Preferences (2.5.0)
  - Sparkle (1.26.0)

DEPENDENCIES:
  - Defaults
  - Preferences
  - Sparkle (~> 1.26.0)

SPEC REPOS:
  trunk:
    - Defaults
    - Preferences
    - Sparkle

SPEC CHECKSUMS:
  Defaults: d785e56c0fb8890dc40351603f05c8e1df1bdd45
  Preferences: a78dbe5c407afb66408a929d4708f8fd82abad85
  Sparkle: d56d028f4b0c123577825f5d1004f6140d77f90e

PODFILE CHECKSUM: 756d7fec764bd09d03756363b879c7b66c52efef

COCOAPODS: 1.11.3
